
Microsoft Visual Studio Solution File, Format Version 12.00
# Visual Studio Version 16
VisualStudioVersion = 16.0.30523.141
MinimumVisualStudioVersion = 10.0.40219.1
Project("{F184B08F-C81C-45F6-A57F-5ABD9991F28F}") = "CantaBurroCanta", "CantaBurroCanta\CantaBurroCanta.vbproj", "{1AE76C2B-7F66-44FB-9BAB-79068B3681D4}"
EndProject
Global
	GlobalSection(SolutionConfigurationPlatforms) = preSolution
		Debug|Any CPU = Debug|Any CPU
		Release|Any CPU = Release|Any CPU
	EndGlobalSection
	GlobalSection(ProjectConfigurationPlatforms) = postSolution
		{1AE76C2B-7F66-44FB-9BAB-79068B3681D4}.Debug|Any CPU.ActiveCfg = Debug|Any CPU
		{1AE76C2B-7F66-44FB-9BAB-79068B3681D4}.Debug|Any CPU.Build.0 = Debug|Any CPU
		{1AE76C2B-7F66-44FB-9BAB-79068B3681D4}.Release|Any CPU.ActiveCfg = Release|Any CPU
		{1AE76C2B-7F66-44FB-9BAB-79068B3681D4}.Release|Any CPU.Build.0 = Release|Any CPU
	EndGlobalSection
	GlobalSection(SolutionProperties) = preSolution
		HideSolutionNode = FALSE
	EndGlobalSection
	GlobalSection(ExtensibilityGlobals) = postSolution
		SolutionGuid = {F4EE7585-1589-4480-A203-16DFBEFFBFE4}
	EndGlobalSection
EndGlobal
